
Microsoft Visual Studio Solution File, Format Version 12.00
# Visual Studio Version 17
VisualStudioVersion = 17.8.34316.72
MinimumVisualStudioVersion = 10.0.40219.1
Project("{FAE04EC0-301F-11D3-BF4B-00C04F79EFBC}") = "WC3GameDriver.Demo", "WC3GameDriver.Demo\WC3GameDriver.Demo.csproj", "{A9C37CFD-8116-431E-B1D6-2F0F00B2EF2B}"
EndProject
Project("{FAE04EC0-301F-11D3-BF4B-00C04F79EFBC}") = "WC3GameDriver", "WC3GameDriver\WC3GameDriver.csproj", "{28564946-E2D0-48DD-B56A-8E3358CC774B}"
EndProject
Global
	GlobalSection(SolutionConfigurationPlatforms) = preSolution
		Debug|Any CPU = Debug|Any CPU
		Release|Any CPU = Release|Any CPU
	EndGlobalSection
	GlobalSection(ProjectConfigurationPlatforms) = postSolution
		{A9C37CFD-8116-431E-B1D6-2F0F00B2EF2B}.Debug|Any CPU.ActiveCfg = Debug|Any CPU
		{A9C37CFD-8116-431E-B1D6-2F0F00B2EF2B}.Debug|Any CPU.Build.0 = Debug|Any CPU
		{A9C37CFD-8116-431E-B1D6-2F0F00B2EF2B}.Release|Any CPU.ActiveCfg = Release|Any CPU
		{A9C37CFD-8116-431E-B1D6-2F0F00B2EF2B}.Release|Any CPU.Build.0 = Release|Any CPU
		{28564946-E2D0-48DD-B56A-8E3358CC774B}.Debug|Any CPU.ActiveCfg = Debug|Any CPU
		{28564946-E2D0-48DD-B56A-8E3358CC774B}.Debug|Any CPU.Build.0 = Debug|Any CPU
		{28564946-E2D0-48DD-B56A-8E3358CC774B}.Release|Any CPU.ActiveCfg = Release|Any CPU
		{28564946-E2D0-48DD-B56A-8E3358CC774B}.Release|Any CPU.Build.0 = Release|Any CPU
	EndGlobalSection
	GlobalSection(SolutionProperties) = preSolution
		HideSolutionNode = FALSE
	EndGlobalSection
	GlobalSection(ExtensibilityGlobals) = postSolution
		SolutionGuid = {4EDA9709-2929-4C50-8E10-7CA02D27677A}
	EndGlobalSection
EndGlobal
